
Microsoft Visual Studio Solution File, Format Version 12.00
# Visual Studio Express 2012 for Windows Desktop
Project("{FAE04EC0-301F-11D3-BF4B-00C04F79EFBC}") = "01-SimplePartlessPlugin", "01-SimplePartlessPlugin\Source\01-SimplePartlessPlugin.csproj", "{1073550B-E6BD-4176-A303-A10D28CE41FF}"
EndProject
Project("{FAE04EC0-301F-11D3-BF4B-00C04F79EFBC}") = "02-SimplePartModule", "02-SimplePartModule\Source\02-SimplePartModule.csproj", "{F69E903B-BA09-42AD-87E9-E8D0BF1BF1A9}"
EndProject
Project("{FAE04EC0-301F-11D3-BF4B-00C04F79EFBC}") = "03-PartRightClick", "03-PartRightClicking\Source\03-PartRightClick.csproj", "{3A5CC47E-AD11-42F3-B1B2-9D0755F2E56D}"
EndProject
Project("{FAE04EC0-301F-11D3-BF4B-00C04F79EFBC}") = "04-ActionGroups", "04-ActionGroups\Source\04-ActionGroups.csproj", "{036D3FFE-E29A-48EA-A470-D46F77A29629}"
EndProject
Project("{FAE04EC0-301F-11D3-BF4B-00C04F79EFBC}") = "05-KspFields", "05-KspFields\Source\05-KspFields.csproj", "{F27358BD-F7C2-42EF-8BA4-F2B80546175E}"
EndProject
Global
	GlobalSection(SolutionConfigurationPlatforms) = preSolution
		Debug|Any CPU = Debug|Any CPU
		Release|Any CPU = Release|Any CPU
	EndGlobalSection
	GlobalSection(ProjectConfigurationPlatforms) = postSolution
		{1073550B-E6BD-4176-A303-A10D28CE41FF}.Debug|Any CPU.ActiveCfg = Debug|Any CPU
		{1073550B-E6BD-4176-A303-A10D28CE41FF}.Debug|Any CPU.Build.0 = Debug|Any CPU
		{1073550B-E6BD-4176-A303-A10D28CE41FF}.Release|Any CPU.ActiveCfg = Release|Any CPU
		{1073550B-E6BD-4176-A303-A10D28CE41FF}.Release|Any CPU.Build.0 = Release|Any CPU
		{F69E903B-BA09-42AD-87E9-E8D0BF1BF1A9}.Debug|Any CPU.ActiveCfg = Debug|Any CPU
		{F69E903B-BA09-42AD-87E9-E8D0BF1BF1A9}.Debug|Any CPU.Build.0 = Debug|Any CPU
		{F69E903B-BA09-42AD-87E9-E8D0BF1BF1A9}.Release|Any CPU.ActiveCfg = Release|Any CPU
		{F69E903B-BA09-42AD-87E9-E8D0BF1BF1A9}.Release|Any CPU.Build.0 = Release|Any CPU
		{3A5CC47E-AD11-42F3-B1B2-9D0755F2E56D}.Debug|Any CPU.ActiveCfg = Debug|Any CPU
		{3A5CC47E-AD11-42F3-B1B2-9D0755F2E56D}.Debug|Any CPU.Build.0 = Debug|Any CPU
		{3A5CC47E-AD11-42F3-B1B2-9D0755F2E56D}.Release|Any CPU.ActiveCfg = Release|Any CPU
		{3A5CC47E-AD11-42F3-B1B2-9D0755F2E56D}.Release|Any CPU.Build.0 = Release|Any CPU
		{036D3FFE-E29A-48EA-A470-D46F77A29629}.Debug|Any CPU.ActiveCfg = Debug|Any CPU
		{036D3FFE-E29A-48EA-A470-D46F77A29629}.Debug|Any CPU.Build.0 = Debug|Any CPU
		{036D3FFE-E29A-48EA-A470-D46F77A29629}.Release|Any CPU.ActiveCfg = Release|Any CPU
		{036D3FFE-E29A-48EA-A470-D46F77A29629}.Release|Any CPU.Build.0 = Release|Any CPU
		{F27358BD-F7C2-42EF-8BA4-F2B80546175E}.Debug|Any CPU.ActiveCfg = Debug|Any CPU
		{F27358BD-F7C2-42EF-8BA4-F2B80546175E}.Debug|Any CPU.Build.0 = Debug|Any CPU
		{F27358BD-F7C2-42EF-8BA4-F2B80546175E}.Release|Any CPU.ActiveCfg = Release|Any CPU
		{F27358BD-F7C2-42EF-8BA4-F2B80546175E}.Release|Any CPU.Build.0 = Release|Any CPU
	EndGlobalSection
	GlobalSection(SolutionProperties) = preSolution
		HideSolutionNode = FALSE
	EndGlobalSection
EndGlobal
